
Microsoft Visual Studio Solution File, Format Version 12.00
# Visual Studio Version 16
VisualStudioVersion = 16.0.29519.181
MinimumVisualStudioVersion = 10.0.40219.1
Project("{FAE04EC0-301F-11D3-BF4B-00C04F79EFBC}") = "backend", "backend\backend.csproj", "{383C6A15-1061-4AE2-BF33-1D60488AFD23}"
EndProject
Global
	GlobalSection(SolutionConfigurationPlatforms) = preSolution
		Debug|Any CPU = Debug|Any CPU
		Release|Any CPU = Release|Any CPU
	EndGlobalSection
	GlobalSection(ProjectConfigurationPlatforms) = postSolution
		{383C6A15-1061-4AE2-BF33-1D60488AFD23}.Debug|Any CPU.ActiveCfg = Debug|Any CPU
		{383C6A15-1061-4AE2-BF33-1D60488AFD23}.Debug|Any CPU.Build.0 = Debug|Any CPU
		{383C6A15-1061-4AE2-BF33-1D60488AFD23}.Release|Any CPU.ActiveCfg = Release|Any CPU
		{383C6A15-1061-4AE2-BF33-1D60488AFD23}.Release|Any CPU.Build.0 = Release|Any CPU
	EndGlobalSection
	GlobalSection(SolutionProperties) = preSolution
		HideSolutionNode = FALSE
	EndGlobalSection
	GlobalSection(ExtensibilityGlobals) = postSolution
		SolutionGuid = {E33061E6-9736-4D84-8366-6F95D6BF5AF2}
	EndGlobalSection
EndGlobal
